DEPENDENCIES
  awesome_customers
    path: .
    metadata: true

GRAPH
  apt (2.9.2)
  awesome_customers (0.3.0)
    database (~> 4.0.3)
    httpd (~> 0.2.18)
    iptables (~> 1.0.0)
    mysql (~> 6.0.17)
    mysql2_chef_gem (~> 1.0.1)
    selinux (~> 0.9.0)
  build-essential (2.2.4)
  chef-sugar (3.2.0)
  database (4.0.9)
    postgresql (>= 1.0.0)
  httpd (0.2.19)
  iptables (1.0.0)
  mariadb (0.3.1)
    apt (>= 0.0.0)
    yum (>= 0.0.0)
    yum-epel (>= 0.0.0)
  mysql (6.0.31)
    smf (>= 0.0.0)
    yum-mysql-community (>= 0.0.0)
  mysql2_chef_gem (1.0.2)
    build-essential (>= 0.0.0)
    mariadb (>= 0.0.0)
    mysql (~> 6.0)
  openssl (4.4.0)
    chef-sugar (>= 3.1.1)
  postgresql (3.4.24)
    apt (>= 1.9.0)
    build-essential (>= 0.0.0)
    openssl (~> 4.0)
  rbac (1.0.3)
  selinux (0.9.0)
  smf (2.2.7)
    rbac (>= 1.0.1)
  yum (3.8.2)
  yum-epel (0.6.5)
    yum (~> 3.2)
  yum-mysql-community (0.1.21)
    yum (>= 3.2)
